
Microsoft Visual Studio Solution File, Format Version 12.00
# Visual Studio Version 17
VisualStudioVersion = 17.14.36518.9 d17.14
MinimumVisualStudioVersion = 10.0.40219.1
Project("{FAE04EC0-301F-11D3-BF4B-00C04F79EFBC}") = "Films", "Films\Films.csproj", "{A86F37CB-6D81-4434-9E6E-5CAF2FC3F2C3}"
EndProject
Global
	GlobalSection(SolutionConfigurationPlatforms) = preSolution
		Debug|Any CPU = Debug|Any CPU
		Release|Any CPU = Release|Any CPU
	EndGlobalSection
	GlobalSection(ProjectConfigurationPlatforms) = postSolution
		{A86F37CB-6D81-4434-9E6E-5CAF2FC3F2C3}.Debug|Any CPU.ActiveCfg = Debug|Any CPU
		{A86F37CB-6D81-4434-9E6E-5CAF2FC3F2C3}.Debug|Any CPU.Build.0 = Debug|Any CPU
		{A86F37CB-6D81-4434-9E6E-5CAF2FC3F2C3}.Release|Any CPU.ActiveCfg = Release|Any CPU
		{A86F37CB-6D81-4434-9E6E-5CAF2FC3F2C3}.Release|Any CPU.Build.0 = Release|Any CPU
	EndGlobalSection
	GlobalSection(SolutionProperties) = preSolution
		HideSolutionNode = FALSE
	EndGlobalSection
	GlobalSection(ExtensibilityGlobals) = postSolution
		SolutionGuid = {A91636DE-93A4-45B7-A7B4-A10C54E39ECB}
	EndGlobalSection
EndGlobal
